
Microsoft Visual Studio Solution File, Format Version 12.00
# Visual Studio Version 17
VisualStudioVersion = 17.7.34031.279
MinimumVisualStudioVersion = 10.0.40219.1
Project("{FAE04EC0-301F-11D3-BF4B-00C04F79EFBC}") = "Calculadora2", "Calculadora2.csproj", "{2F9D764D-6A7F-4A4F-8960-302092F97298}"
EndProject
Global
	GlobalSection(SolutionConfigurationPlatforms) = preSolution
		Debug|Any CPU = Debug|Any CPU
		Release|Any CPU = Release|Any CPU
	EndGlobalSection
	GlobalSection(ProjectConfigurationPlatforms) = postSolution
		{2F9D764D-6A7F-4A4F-8960-302092F97298}.Debug|Any CPU.ActiveCfg = Debug|Any CPU
		{2F9D764D-6A7F-4A4F-8960-302092F97298}.Debug|Any CPU.Build.0 = Debug|Any CPU
		{2F9D764D-6A7F-4A4F-8960-302092F97298}.Release|Any CPU.ActiveCfg = Release|Any CPU
		{2F9D764D-6A7F-4A4F-8960-302092F97298}.Release|Any CPU.Build.0 = Release|Any CPU
	EndGlobalSection
	GlobalSection(SolutionProperties) = preSolution
		HideSolutionNode = FALSE
	EndGlobalSection
	GlobalSection(ExtensibilityGlobals) = postSolution
		SolutionGuid = {6854A17A-E74D-4F1D-BB13-86FA3D75D4D6}
	EndGlobalSection
EndGlobal
